
Microsoft Visual Studio Solution File, Format Version 12.00
# Visual Studio Version 17
VisualStudioVersion = 17.7.34221.43
MinimumVisualStudioVersion = 10.0.40219.1
Project("{FAE04EC0-301F-11D3-BF4B-00C04F79EFBC}") = "kalendar", "kalendar\kalendar.csproj", "{6324A3ED-3110-4182-939F-7181F7881AED}"
EndProject
Global
	GlobalSection(SolutionConfigurationPlatforms) = preSolution
		Debug|Any CPU = Debug|Any CPU
		Release|Any CPU = Release|Any CPU
	EndGlobalSection
	GlobalSection(ProjectConfigurationPlatforms) = postSolution
		{6324A3ED-3110-4182-939F-7181F7881AED}.Debug|Any CPU.ActiveCfg = Debug|Any CPU
		{6324A3ED-3110-4182-939F-7181F7881AED}.Debug|Any CPU.Build.0 = Debug|Any CPU
		{6324A3ED-3110-4182-939F-7181F7881AED}.Release|Any CPU.ActiveCfg = Release|Any CPU
		{6324A3ED-3110-4182-939F-7181F7881AED}.Release|Any CPU.Build.0 = Release|Any CPU
	EndGlobalSection
	GlobalSection(SolutionProperties) = preSolution
		HideSolutionNode = FALSE
	EndGlobalSection
	GlobalSection(ExtensibilityGlobals) = postSolution
		SolutionGuid = {365C1733-9D0D-4926-B403-25E08FC29297}
	EndGlobalSection
EndGlobal
